// !$*UTF8*$!
{
	archiveVersion = 1;
	classes = {
	};
	objectVersion = 46;
	objects = {

/* Begin PBXBuildFile section */
		D8A3C7CE1997265C0018EAD9 /* AppDelegate.swift in Sources */ = {isa = PBXBuildFile; fileRef = D8A3C7CD1997265C0018EAD9 /* AppDelegate.swift */; };
		D8A3C7D01997265C0018EAD9 /* ViewController.swift in Sources */ = {isa = PBXBuildFile; fileRef = D8A3C7CF1997265C0018EAD9 /* ViewController.swift */; };
		D8A3C7D31997265C0018EAD9 /* Main.storyboard in Resources */ = {isa = PBXBuildFile; fileRef = D8A3C7D11997265C0018EAD9 /* Main.storyboard */; };
		D8A3C7D51997265C0018EAD9 /* Images.xcassets in Resources */ = {isa = PBXBuildFile; fileRef = D8A3C7D41997265C0018EAD9 /* Images.xcassets */; };
		D8A3C7E11997265C0018EAD9 /* Homework2FixTests.swift in Sources */ = {isa = PBXBuildFile; fileRef = D8A3C7E01997265C0018EAD9 /* Homework2FixTests.swift */; };
		D8A3C7EB199726F20018EAD9 /* Person.swift in Sources */ = {isa = PBXBuildFile; fileRef = D8A3C7EA199726F20018EAD9 /* Person.swift */; };
		D8A7785D19A2C7BC0070476B /* DetailViewController.swift in Sources */ = {isa = PBXBuildFile; fileRef = D8A7785C19A2C7BC0070476B /* DetailViewController.swift */; };
/* End PBXBuildFile section */

/* Begin PBXContainerItemProxy section */
		D8A3C7DB1997265C0018EAD9 /* PBXContainerItemProxy */ = {
			isa = PBXContainerItemProxy;
			containerPortal = D8A3C7C01997265C0018EAD9 /* Project object */;
			proxyType = 1;
			remoteGlobalIDString = D8A3C7C71997265C0018EAD9;
			remoteInfo = Homework2Fix;
		};
/* End PBXContainerItemProxy section */

/* Begin PBXFileReference section */
		D8A3C7C81997265C0018EAD9 /* Homework2Fix.app */ = {isa = PBXFileReference; explicitFileType = wrapper.application; includeInIndex = 0; path = Homework2Fix.app; sourceTree = BUILT_PRODUCTS_DIR; };
		D8A3C7CC1997265C0018EAD9 /* Info.plist */ = {isa = PBXFileReference; lastKnownFileType = text.plist.xml; path = Info.plist; sourceTree = "<group>"; };
		D8A3C7CD1997265C0018EAD9 /* AppDelegate.swift */ = {isa = PBXFileReference; lastKnownFileType = sourcecode.swift; path = AppDelegate.swift; sourceTree = "<group>"; };
		D8A3C7CF1997265C0018EAD9 /* ViewController.swift */ = {isa = PBXFileReference; lastKnownFileType = sourcecode.swift; path = ViewController.swift; sourceTree = "<group>"; };
		D8A3C7D21997265C0018EAD9 /* Base */ = {isa = PBXFileReference; lastKnownFileType = file.storyboard; name = Base; path = Base.lproj/Main.storyboard; sourceTree = "<group>"; };
		D8A3C7D41997265C0018EAD9 /* Images.xcassets */ = {isa = PBXFileReference; lastKnownFileType = folder.assetcatalog; path = Images.xcassets; sourceTree = "<group>"; };
		D8A3C7DA1997265C0018EAD9 /* Homework2FixTests.xctest */ = {isa = PBXFileReference; explicitFileType = wrapper.cfbundle; includeInIndex = 0; path = Homework2FixTests.xctest; sourceTree = BUILT_PRODUCTS_DIR; };
		D8A3C7DF1997265C0018EAD9 /* Info.plist */ = {isa = PBXFileReference; lastKnownFileType = text.plist.xml; path = Info.plist; sourceTree = "<group>"; };
		D8A3C7E01997265C0018EAD9 /* Homework2FixTests.swift */ = {isa = PBXFileReference; lastKnownFileType = sourcecode.swift; path = Homework2FixTests.swift; sourceTree = "<group>"; };
		D8A3C7EA199726F20018EAD9 /* Person.swift */ = {isa = PBXFileReference; fileEncoding = 4; lastKnownFileType = sourcecode.swift; path = Person.swift; sourceTree = "<group>"; };
		D8A7785C19A2C7BC0070476B /* DetailViewController.swift */ = {isa = PBXFileReference; fileEncoding = 4; lastKnownFileType = sourcecode.swift; name = DetailViewController.swift; path = ../DetailViewController.swift; sourceTree = "<group>"; };
/* End PBXFileReference section */

/* Begin PBXFrameworksBuildPhase section */
		D8A3C7C51997265C0018EAD9 /* Frameworks */ = {
			isa = PBXFrameworksBuildPhase;
			buildActionMask = 2147483647;
			files = (
			);
			runOnlyForDeploymentPostprocessing = 0;
		};
		D8A3C7D71997265C0018EAD9 /* Frameworks */ = {
			isa = PBXFrameworksBuildPhase;
			buildActionMask = 2147483647;
			files = (
			);
			runOnlyForDeploymentPostprocessing = 0;
		};
/* End PBXFrameworksBuildPhase section */

/* Begin PBXGroup section */
		D8A3C7BF1997265C0018EAD9 = {
			isa = PBXGroup;
			children = (
				D8A3C7CA1997265C0018EAD9 /* Homework2Fix */,
				D8A3C7DD1997265C0018EAD9 /* Homework2FixTests */,
				D8A3C7C91997265C0018EAD9 /* Products */,
			);
			sourceTree = "<group>";
		};
		D8A3C7C91997265C0018EAD9 /* Products */ = {
			isa = PBXGroup;
			children = (
				D8A3C7C81997265C0018EAD9 /* Homework2Fix.app */,
				D8A3C7DA1997265C0018EAD9 /* Homework2FixTests.xctest */,
			);
			name = Products;
			sourceTree = "<group>";
		};
		D8A3C7CA1997265C0018EAD9 /* Homework2Fix */ = {
			isa = PBXGroup;
			children = (
				D8A3C7CD1997265C0018EAD9 /* AppDelegate.swift */,
				D8D0CF4C199FD8EE001112D5 /* Model */,
				D8D0CF4B199FD8DD001112D5 /* Controller */,
				D8D0CF4D199FD8FA001112D5 /* View */,
				D8A3C7D41997265C0018EAD9 /* Images.xcassets */,
				D8A3C7CB1997265C0018EAD9 /* Supporting Files */,
			);
			path = Homework2Fix;
			sourceTree = "<group>";
		};
		D8A3C7CB1997265C0018EAD9 /* Supporting Files */ = {
			isa = PBXGroup;
			children = (
				D8A3C7CC1997265C0018EAD9 /* Info.plist */,
			);
			name = "Supporting Files";
			sourceTree = "<group>";
		};
		D8A3C7DD1997265C0018EAD9 /* Homework2FixTests */ = {
			isa = PBXGroup;
			children = (
				D8A3C7E01997265C0018EAD9 /* Homework2FixTests.swift */,
				D8A3C7DE1997265C0018EAD9 /* Supporting Files */,
			);
			path = Homework2FixTests;
			sourceTree = "<group>";
		};
		D8A3C7DE1997265C0018EAD9 /* Supporting Files */ = {
			isa = PBXGroup;
			children = (
				D8A3C7DF1997265C0018EAD9 /* Info.plist */,
			);
			name = "Supporting Files";
			sourceTree = "<group>";
		};
		D8D0CF4B199FD8DD001112D5 /* Controller */ = {
			isa = PBXGroup;
			children = (
				D8A3C7CF1997265C0018EAD9 /* ViewController.swift */,
				D8A7785C19A2C7BC0070476B /* DetailViewController.swift */,
			);
			name = Controller;
			sourceTree = "<group>";
		};
		D8D0CF4C199FD8EE001112D5 /* Model */ = {
			isa = PBXGroup;
			children = (
				D8A3C7EA199726F20018EAD9 /* Person.swift */,
			);
			name = Model;
			sourceTree = "<group>";
		};
		D8D0CF4D199FD8FA001112D5 /* View */ = {
			isa = PBXGroup;
			children = (
				D8A3C7D11997265C0018EAD9 /* Main.storyboard */,
			);
			name = View;
			sourceTree = "<group>";
		};
/* End PBXGroup section */

/* Begin PBXNativeTarget section */
		D8A3C7C71997265C0018EAD9 /* Homework2Fix */ = {
			isa = PBXNativeTarget;
			buildConfigurationList = D8A3C7E41997265C0018EAD9 /* Build configuration list for PBXNativeTarget "Homework2Fix" */;
			buildPhases = (
				D8A3C7C41997265C0018EAD9 /* Sources */,
				D8A3C7C51997265C0018EAD9 /* Frameworks */,
				D8A3C7C61997265C0018EAD9 /* Resources */,
			);
			buildRules = (
			);
			dependencies = (
			);
			name = Homework2Fix;
			productName = Homework2Fix;
			productReference = D8A3C7C81997265C0018EAD9 /* Homework2Fix.app */;
			productType = "com.apple.product-type.application";
		};
		D8A3C7D91997265C0018EAD9 /* Homework2FixTests */ = {
			isa = PBXNativeTarget;
			buildConfigurationList = D8A3C7E71997265C0018EAD9 /* Build configuration list for PBXNativeTarget "Homework2FixTests" */;
			buildPhases = (
				D8A3C7D61997265C0018EAD9 /* Sources */,
				D8A3C7D71997265C0018EAD9 /* Frameworks */,
				D8A3C7D81997265C0018EAD9 /* Resources */,
			);
			buildRules = (
			);
			dependencies = (
				D8A3C7DC1997265C0018EAD9 /* PBXTargetDependency */,
			);
			name = Homework2FixTests;
			productName = Homework2FixTests;
			productReference = D8A3C7DA1997265C0018EAD9 /* Homework2FixTests.xctest */;
			productType = "com.apple.product-type.bundle.unit-test";
		};
/* End PBXNativeTarget section */

/* Begin PBXProject section */
		D8A3C7C01997265C0018EAD9 /* Project object */ = {
			isa = PBXProject;
			attributes = {
				LastUpgradeCheck = 0600;
				ORGANIZATIONNAME = Nathan;
				TargetAttributes = {
					D8A3C7C71997265C0018EAD9 = {
						CreatedOnToolsVersion = 6.0;
					};
					D8A3C7D91997265C0018EAD9 = {
						CreatedOnToolsVersion = 6.0;
						TestTargetID = D8A3C7C71997265C0018EAD9;
					};
				};
			};
			buildConfigurationList = D8A3C7C31997265C0018EAD9 /* Build configuration list for PBXProject "Homework2Fix" */;
			compatibilityVersion = "Xcode 3.2";
			developmentRegion = English;
			hasScannedForEncodings = 0;
			knownRegions = (
				en,
				Base,
			);
			mainGroup = D8A3C7BF1997265C0018EAD9;
			productRefGroup = D8A3C7C91997265C0018EAD9 /* Products */;
			projectDirPath = "";
			projectRoot = "";
			targets = (
				D8A3C7C71997265C0018EAD9 /* Homework2Fix */,
				D8A3C7D91997265C0018EAD9 /* Homework2FixTests */,
			);
		};
/* End PBXProject section */

/* Begin PBXResourcesBuildPhase section */
		D8A3C7C61997265C0018EAD9 /* Resources */ = {
			isa = PBXResourcesBuildPhase;
			buildActionMask = 2147483647;
			files = (
				D8A3C7D31997265C0018EAD9 /* Main.storyboard in Resources */,
				D8A3C7D51997265C0018EAD9 /* Images.xcassets in Resources */,
			);
			runOnlyForDeploymentPostprocessing = 0;
		};
		D8A3C7D81997265C0018EAD9 /* Resources */ = {
			isa = PBXResourcesBuildPhase;
			buildActionMask = 2147483647;
			files = (
			);
			runOnlyForDeploymentPostprocessing = 0;
		};
/* End PBXResourcesBuildPhase section */

/* Begin PBXSourcesBuildPhase section */
		D8A3C7C41997265C0018EAD9 /* Sources */ = {
			isa = PBXSourcesBuildPhase;
			buildActionMask = 2147483647;
			files = (
				D8A3C7EB199726F20018EAD9 /* Person.swift in Sources */,
				D8A3C7D01997265C0018EAD9 /* ViewController.swift in Sources */,
				D8A3C7CE1997265C0018EAD9 /* AppDelegate.swift in Sources */,
				D8A7785D19A2C7BC0070476B /* DetailViewController.swift in Sources */,
			);
			runOnlyForDeploymentPostprocessing = 0;
		};
		D8A3C7D61997265C0018EAD9 /* Sources */ = {
			isa = PBXSourcesBuildPhase;
			buildActionMask = 2147483647;
			files = (
				D8A3C7E11997265C0018EAD9 /* Homework2FixTests.swift in Sources */,
			);
			runOnlyForDeploymentPostprocessing = 0;
		};
/* End PBXSourcesBuildPhase section */

/* Begin PBXTargetDependency section */
		D8A3C7DC1997265C0018EAD9 /* PBXTargetDependency */ = {
			isa = PBXTargetDependency;
			target = D8A3C7C71997265C0018EAD9 /* Homework2Fix */;
			targetProxy = D8A3C7DB1997265C0018EAD9 /* PBXContainerItemProxy */;
		};
/* End PBXTargetDependency section */

/* Begin PBXVariantGroup section */
		D8A3C7D11997265C0018EAD9 /* Main.storyboard */ = {
			isa = PBXVariantGroup;
			children = (
				D8A3C7D21997265C0018EAD9 /* Base */,
			);
			name = Main.storyboard;
			sourceTree = "<group>";
		};
/* End PBXVariantGroup section */

/* Begin XCBuildConfiguration section */
		D8A3C7E21997265C0018EAD9 /* Debug */ = {
			isa = XCBuildConfiguration;
			buildSettings = {
				ALWAYS_SEARCH_USER_PATHS = NO;
				CLANG_CXX_LANGUAGE_STANDARD = "gnu++0x";
				CLANG_CXX_LIBRARY = "libc++";
				CLANG_ENABLE_MODULES = YES;
				CLANG_ENABLE_OBJC_ARC = YES;
				CLANG_WARN_BOOL_CONVERSION = YES;
				CLANG_WARN_CONSTANT_CONVERSION = YES;
				CLANG_WARN_DIRECT_OBJC_ISA_USAGE = YES_ERROR;
				CLANG_WARN_EMPTY_BODY = YES;
				CLANG_WARN_ENUM_CONVERSION = YES;
				CLANG_WARN_INT_CONVERSION = YES;
				CLANG_WARN_OBJC_ROOT_CLASS = YES_ERROR;
				CLANG_WARN_UNREACHABLE_CODE = YES;
				CLANG_WARN__DUPLICATE_METHOD_MATCH = YES;
				"CODE_SIGN_IDENTITY[sdk=iphoneos*]" = "iPhone Developer";
				COPY_PHASE_STRIP = NO;
				ENABLE_STRICT_OBJC_MSGSEND = YES;
				GCC_C_LANGUAGE_STANDARD = gnu99;
				GCC_DYNAMIC_NO_PIC = NO;
				GCC_OPTIMIZATION_LEVEL = 0;
				GCC_PREPROCESSOR_DEFINITIONS = (
					"DEBUG=1",
					"$(inherited)",
				);
				GCC_SYMBOLS_PRIVATE_EXTERN = NO;
				GCC_WARN_64_TO_32_BIT_CONVERSION = YES;
				GCC_WARN_ABOUT_RETURN_TYPE = YES_ERROR;
				GCC_WARN_UNDECLARED_SELECTOR = YES;
				GCC_WARN_UNINITIALIZED_AUTOS = YES_AGGRESSIVE;
				GCC_WARN_UNUSED_FUNCTION = YES;
				GCC_WARN_UNUSED_VARIABLE = YES;
				IPHONEOS_DEPLOYMENT_TARGET = 8.0;
				MTL_ENABLE_DEBUG_INFO = YES;
				ONLY_ACTIVE_ARCH = YES;
				SDKROOT = iphoneos;
				SWIFT_OPTIMIZATION_LEVEL = "-Onone";
			};
			name = Debug;
		};
		D8A3C7E31997265C0018EAD9 /* Release */ = {
			isa = XCBuildConfiguration;
			buildSettings = {
				ALWAYS_SEARCH_USER_PATHS = NO;
				CLANG_CXX_LANGUAGE_STANDARD = "gnu++0x";
				CLANG_CXX_LIBRARY = "libc++";
				CLANG_ENABLE_MODULES = YES;
				CLANG_ENABLE_OBJC_ARC = YES;
				CLANG_WARN_BOOL_CONVERSION = YES;
				CLANG_WARN_CONSTANT_CONVERSION = YES;
				CLANG_WARN_DIRECT_OBJC_ISA_USAGE = YES_ERROR;
				CLANG_WARN_EMPTY_BODY = YES;
				CLANG_WARN_ENUM_CONVERSION = YES;
				CLANG_WARN_INT_CONVERSION = YES;
				CLANG_WARN_OBJC_ROOT_CLASS = YES_ERROR;
				CLANG_WARN_UNREACHABLE_CODE = YES;
				CLANG_WARN__DUPLICATE_METHOD_MATCH = YES;
				"CODE_SIGN_IDENTITY[sdk=iphoneos*]" = "iPhone Developer";
				COPY_PHASE_STRIP = YES;
				ENABLE_NS_ASSERTIONS = NO;
				ENABLE_STRICT_OBJC_MSGSEND = YES;
				GCC_C_LANGUAGE_STANDARD = gnu99;
				GCC_WARN_64_TO_32_BIT_CONVERSION = YES;
				GCC_WARN_ABOUT_RETURN_TYPE = YES_ERROR;
				GCC_WARN_UNDECLARED_SELECTOR = YES;
				GCC_WARN_UNINITIALIZED_AUTOS = YES_AGGRESSIVE;
				GCC_WARN_UNUSED_FUNCTION = YES;
				GCC_WARN_UNUSED_VARIABLE = YES;
				IPHONEOS_DEPLOYMENT_TARGET = 8.0;
				MTL_ENABLE_DEBUG_INFO = NO;
				SDKROOT = iphoneos;
				VALIDATE_PRODUCT = YES;
			};
			name = Release;
		};
		D8A3C7E51997265C0018EAD9 /* Debug */ = {
			isa = XCBuildConfiguration;
			buildSettings = {
				ASSETCATALOG_COMPILER_APPICON_NAME = AppIcon;
				ASSETCATALOG_COMPILER_LAUNCHIMAGE_NAME = LaunchImage;
				INFOPLIST_FILE = Homework2Fix/Info.plist;
				IPHONEOS_DEPLOYMENT_TARGET = 7.1;
				LD_RUNPATH_SEARCH_PATHS = "$(inherited) @executable_path/Frameworks";
				PRODUCT_NAME = "$(TARGET_NAME)";
			};
			name = Debug;
		};
		D8A3C7E61997265C0018EAD9 /* Release */ = {
			isa = XCBuildConfiguration;
			buildSettings = {
				ASSETCATALOG_COMPILER_APPICON_NAME = AppIcon;
				ASSETCATALOG_COMPILER_LAUNCHIMAGE_NAME = LaunchImage;
				INFOPLIST_FILE = Homework2Fix/Info.plist;
				IPHONEOS_DEPLOYMENT_TARGET = 7.1;
				LD_RUNPATH_SEARCH_PATHS = "$(inherited) @executable_path/Frameworks";
				PRODUCT_NAME = "$(TARGET_NAME)";
			};
			name = Release;
		};
		D8A3C7E81997265C0018EAD9 /* Debug */ = {
			isa = XCBuildConfiguration;
			buildSettings = {
				BUNDLE_LOADER = "$(TEST_HOST)";
				FRAMEWORK_SEARCH_PATHS = (
					"$(SDKROOT)/Developer/Library/Frameworks",
					"$(inherited)",
				);
				GCC_PREPROCESSOR_DEFINITIONS = (
					"DEBUG=1",
					"$(inherited)",
				);
				INFOPLIST_FILE = Homework2FixTests/Info.plist;
				LD_RUNPATH_SEARCH_PATHS = "$(inherited) @executable_path/Frameworks @loader_path/Frameworks";
				PRODUCT_NAME = "$(TARGET_NAME)";
				TEST_HOST = "$(BUILT_PRODUCTS_DIR)/Homework2Fix.app/Homework2Fix";
			};
			name = Debug;
		};
		D8A3C7E91997265C0018EAD9 /* Release */ = {
			isa = XCBuildConfiguration;
			buildSettings = {
				BUNDLE_LOADER = "$(TEST_HOST)";
				FRAMEWORK_SEARCH_PATHS = (
					"$(SDKROOT)/Developer/Library/Frameworks",
					"$(inherited)",
				);
				INFOPLIST_FILE = Homework2FixTests/Info.plist;
				LD_RUNPATH_SEARCH_PATHS = "$(inherited) @executable_path/Frameworks @loader_path/Frameworks";
				PRODUCT_NAME = "$(TARGET_NAME)";
				TEST_HOST = "$(BUILT_PRODUCTS_DIR)/Homework2Fix.app/Homework2Fix";
			};
			name = Release;
		};
/* End XCBuildConfiguration section */

/* Begin XCConfigurationList section */
		D8A3C7C31997265C0018EAD9 /* Build configuration list for PBXProject "Homework2Fix" */ = {
			isa = XCConfigurationList;
			buildConfigurations = (
				D8A3C7E21997265C0018EAD9 /* Debug */,
				D8A3C7E31997265C0018EAD9 /* Release */,
			);
			defaultConfigurationIsVisible = 0;
			defaultConfigurationName = Release;
		};
		D8A3C7E41997265C0018EAD9 /* Build configuration list for PBXNativeTarget "Homework2Fix" */ = {
			isa = XCConfigurationList;
			buildConfigurations = (
				D8A3C7E51997265C0018EAD9 /* Debug */,
				D8A3C7E61997265C0018EAD9 /* Release */,
			);
			defaultConfigurationIsVisible = 0;
			defaultConfigurationName = Release;
		};
		D8A3C7E71997265C0018EAD9 /* Build configuration list for PBXNativeTarget "Homework2FixTests" */ = {
			isa = XCConfigurationList;
			buildConfigurations = (
				D8A3C7E81997265C0018EAD9 /* Debug */,
				D8A3C7E91997265C0018EAD9 /* Release */,
			);
			defaultConfigurationIsVisible = 0;
			defaultConfigurationName = Release;
		};
/* End XCConfigurationList section */
	};
	rootObject = D8A3C7C01997265C0018EAD9 /* Project object */;
}
